{
    "_readme": [
        "This file locks the dependencies of your project to a known state",
        "Read more about it at https://getcomposer.org/doc/01-basic-usage.md#installing-dependencies",
        "This file is @generated automatically"
    ],
    "content-hash": "a623b7f94f51112f58e154a513b3fac3",
    "packages": [
        {
            "name": "getuilaboratory/getui-pushapi-php-client-v2",
            "version": "dev-master",
            "source": {
                "type": "git",
                "url": "https://github.com/GetuiLaboratory/getui-pushapi-php-client-v2.git",
                "reference": "255cc076624d049c0481d7172cd3c519ae7b07f6"
            },
            "dist": {
                "type": "zip",
                "url": "https://api.github.com/repos/GetuiLaboratory/getui-pushapi-php-client-v2/zipball/255cc076624d049c0481d7172cd3c519ae7b07f6",
                "reference": "255cc076624d049c0481d7172cd3c519ae7b07f6",
                "shasum": "",
                "mirrors": [
                    {
                        "url": "https://mirrors.aliyun.com/composer/dists/%package%/%reference%.%type%",
                        "preferred": true
                    }
                ]
            },
            "type": "library",
            "autoload": {
                "classmap": [
                    ""
                ]
            },
            "notification-url": "https://packagist.org/downloads/",
            "license": [
                "MIT"
            ],
            "authors": [
                {
                    "name": "getui",
                    "homepage": "https://www.getui.com/cn"
                }
            ],
            "description": "getui php client V2",
            "homepage": "https://www.getui.com/cn/",
            "keywords": [
                "GeTui",
                "GetuiLaboratory",
                "getui-pushapi-php-client",
                "getui-pushapi-php-client-v2",
                "pushapi"
            ],
            "time": "2021-06-21T03:22:42+00:00"
        }
    ],
    "packages-dev": [],
    "aliases": [],
    "minimum-stability": "stable",
    "stability-flags": {
        "getuilaboratory/getui-pushapi-php-client-v2": 20
    },
    "prefer-stable": false,
    "prefer-lowest": false,
    "platform": [],
    "platform-dev": []
}
