{
	"name": "push",
	"version": "1.0.0",
	"lockfileVersion": 1,
	"requires": true,
	"dependencies": {
		"config": {
			"version": "file:../common/config"
		},
		"uni-id": {
			"version": "file:../common/uni-id"
		},
		"uni-push": {
			"version": "file:../common/uni-push",
			"requires": {
				"config": "file:../common/config"
			},
			"dependencies": {
				"config": {
					"version": "file:../common/config"
				}
			}
		}
	}
}
